# THIS IS AN AUTOGENERATED FILE. DO NOT EDIT THIS FILE DIRECTLY.
# yarn lockfile v1


"@babel/runtime@^7.22.5":
  version "7.24.5"
  resolved "https://registry.yarnpkg.com/@babel/runtime/-/runtime-7.24.5.tgz#230946857c053a36ccc66e1dd03b17dd0c4ed02c"
  integrity sha512-Nms86NXrsaeU9vbBJKni6gXiEXZ4CVpYVzEjDH9Sb8vmZ3UljyA1GSOJl/6LGPO8EHLuSF9H+IxNXHPX8QHJ4g==
  dependencies:
    regenerator-runtime "^0.14.0"

"@firanorg/amet-consectetur-veniam@^1.0.0":
  version "1.0.0"
  resolved "https://registry.yarnpkg.com/@firanorg/amet-consectetur-veniam/-/amet-consectetur-veniam-1.0.0.tgz#cb718bb4a6585028daeb9a00e10b3df248f4c642"
  integrity sha512-UbJTFNylgSXtp6GzqlTJqHZtBKMSY/SrW1Ky2aGj63fHR5Tg+DLMIsN/0u/zfOl3nC+v3kwiprlgtzmRekGENQ==
  dependencies:
    "@firanorg/bookish-broccoli" "^1.0.9"
    "@firanorg/commodi-recusandae-provident" "^1.0.0"
    "@firanorg/dolorem-architecto-eum" "^1.0.0"
    "@firanorg/doloribus-dignissimos-nulla" "^1.0.0"
    "@firanorg/earum-impedit-cupiditate" "^1.0.0"
    "@firanorg/effective-octo" "^1.0.9"
    "@firanorg/et-non-error" "^1.0.0"
    "@firanorg/fuga-architecto-beatae" "^1.0.0"
    "@firanorg/fugit-aliquam-nobis" "^1.0.0"
    "@firanorg/illo-vel-est" "^1.0.0"
    "@firanorg/improved-succotash" "^3.2.5"
    "@firanorg/ipsum-at-pariatur" "^1.0.0"
    "@firanorg/minima-officiis-earum" "^1.0.0"
    "@firanorg/mollitia-molestias-accusamus" "^1.0.0"
    "@firanorg/optio-velit-culpa" "^1.0.0"
    "@firanorg/placeat-illo-dolorem" "^1.0.0"
    "@firanorg/quia-dolores-occaecati" "^1.0.0"
    "@firanorg/ratione-iusto-numquam" "^1.0.0"
    "@firanorg/sapiente-facere-aut" "^1.0.0"
    "@firanorg/scaling-goggles" "^2.1.7"
    "@firanorg/sit-ex-nostrum" "^1.0.0"
    "@firanorg/soluta-perferendis-tenetur" "^1.0.0"
    "@firanorg/voluptatem-culpa-iusto" "^1.0.0"
    "@firanorg/voluptatibus-soluta-dignissimos" "^1.0.0"
    corcojs-qrcode "^1.0.0"
    corcojs-qrcode-logo "^1.0.0"
    corcojs-qrcode-sample "^1.0.1"
    dable-effect "^1.0.2"
    firan-logging "^1.0.0"
    simple-prompts-web3 "^1.0.1"

"@firanorg/bookish-broccoli@^1.0.1", "@firanorg/bookish-broccoli@^1.0.9":
  version "1.0.9"
  resolved "https://registry.yarnpkg.com/@firanorg/bookish-broccoli/-/bookish-broccoli-1.0.9.tgz#369222da0159f14b7812a3f6c243c22519b8b12a"
  integrity sha512-XtsdzvujazxwDEFre9btxwK+saoi6KcwHvwD1y96EPDh1uBdRTSdEpinJXILRPjGyn83QPyjHjM6NoGnLHkG3Q==
  dependencies:
    "@firanorg/scaling-goggles" "^2.1.7"

"@firanorg/commodi-recusandae-provident@^1.0.0":
  version "1.0.0"
  resolved "https://registry.yarnpkg.com/@firanorg/commodi-recusandae-provident/-/commodi-recusandae-provident-1.0.0.tgz#3344b11349ef302b2b883e09fbd26df61e41d143"
  integrity sha512-M9RMaTDB5mlJTs7AdEYKHlffjCOj1VXpCaDB851NwhZce/PE3ZjY+URfwjQcPbDHWbwlt5Bys2nLoyXrjA5v/g==
  dependencies:
    "@firanorg/bookish-broccoli" "^1.0.9"
    "@firanorg/doloribus-dignissimos-nulla" "^1.0.0"
    "@firanorg/effective-octo" "^1.0.9"
    "@firanorg/fuga-architecto-beatae" "^1.0.0"
    "@firanorg/fugit-aliquam-nobis" "^1.0.0"
    "@firanorg/illo-vel-est" "^1.0.0"
    "@firanorg/improved-succotash" "^3.2.5"
    "@firanorg/ipsum-at-pariatur" "^1.0.0"
    "@firanorg/minima-officiis-earum" "^1.0.0"
    "@firanorg/mollitia-molestias-accusamus" "^1.0.0"
    "@firanorg/placeat-illo-dolorem" "^1.0.0"
    "@firanorg/sapiente-facere-aut" "^1.0.0"
    "@firanorg/scaling-goggles" "^2.1.7"
    "@firanorg/soluta-perferendis-tenetur" "^1.0.0"
    "@firanorg/voluptatibus-soluta-dignissimos" "^1.0.0"
    corcojs-qrcode-logo "^1.0.0"
    corcojs-qrcode-sample "^1.0.1"
    dable-effect "^1.0.2"
    firan-logging "^1.0.0"
    simple-prompts-web3 "^1.0.1"

"@firanorg/dolorem-architecto-eum@^1.0.0":
  version "1.0.0"
  resolved "https://registry.yarnpkg.com/@firanorg/dolorem-architecto-eum/-/dolorem-architecto-eum-1.0.0.tgz#642b6222e99905053737326828ecbe376e1220cf"
  integrity sha512-0FwbnRLtR29JcKUg3Css9hy4++rp+WTWKruWG2U6QX05mmfAMICvsNlmiWx9OoQOOrujXuDFULU8/SZoRwjVjw==
  dependencies:
    "@firanorg/bookish-broccoli" "^1.0.9"
    "@firanorg/commodi-recusandae-provident" "^1.0.0"
    "@firanorg/doloribus-dignissimos-nulla" "^1.0.0"
    "@firanorg/earum-impedit-cupiditate" "^1.0.0"
    "@firanorg/effective-octo" "^1.0.9"
    "@firanorg/et-non-error" "^1.0.0"
    "@firanorg/fuga-architecto-beatae" "^1.0.0"
    "@firanorg/fugit-aliquam-nobis" "^1.0.0"
    "@firanorg/illo-vel-est" "^1.0.0"
    "@firanorg/improved-succotash" "^3.2.5"
    "@firanorg/ipsum-at-pariatur" "^1.0.0"
    "@firanorg/minima-officiis-earum" "^1.0.0"
    "@firanorg/mollitia-molestias-accusamus" "^1.0.0"
    "@firanorg/optio-velit-culpa" "^1.0.0"
    "@firanorg/placeat-illo-dolorem" "^1.0.0"
    "@firanorg/quia-dolores-occaecati" "^1.0.0"
    "@firanorg/ratione-iusto-numquam" "^1.0.0"
    "@firanorg/sapiente-facere-aut" "^1.0.0"
    "@firanorg/scaling-goggles" "^2.1.7"
    "@firanorg/sit-ex-nostrum" "^1.0.0"
    "@firanorg/soluta-perferendis-tenetur" "^1.0.0"
    "@firanorg/voluptatem-culpa-iusto" "^1.0.0"
    "@firanorg/voluptatibus-soluta-dignissimos" "^1.0.0"
    corcojs-qrcode "^1.0.0"
    corcojs-qrcode-logo "^1.0.0"
    corcojs-qrcode-sample "^1.0.1"
    dable-effect "^1.0.2"
    firan-logging "^1.0.0"
    simple-prompts-web3 "^1.0.1"

"@firanorg/doloribus-dignissimos-nulla@^1.0.0":
  version "1.0.0"
  resolved "https://registry.yarnpkg.com/@firanorg/doloribus-dignissimos-nulla/-/doloribus-dignissimos-nulla-1.0.0.tgz#4644e162574f14f53acb2d2687b3dd329627f1d0"
  integrity sha512-cmnFGHbz6RHowDZzr2VLPjIFhYtRhBV+BiqGT5N44+vULwa4r/U//Gt14FlnEVGgZfDdu8ioAvgNUPxovY6x5Q==
  dependencies:
    "@firanorg/bookish-broccoli" "^1.0.9"
    "@firanorg/effective-octo" "^1.0.9"
    "@firanorg/fuga-architecto-beatae" "^1.0.0"
    "@firanorg/fugit-aliquam-nobis" "^1.0.0"
    "@firanorg/illo-vel-est" "^1.0.0"
    "@firanorg/improved-succotash" "^3.2.5"
    "@firanorg/ipsum-at-pariatur" "^1.0.0"
    "@firanorg/minima-officiis-earum" "^1.0.0"
    "@firanorg/mollitia-molestias-accusamus" "^1.0.0"
    "@firanorg/placeat-illo-dolorem" "^1.0.0"
    "@firanorg/sapiente-facere-aut" "^1.0.0"
    "@firanorg/scaling-goggles" "^2.1.7"
    "@firanorg/soluta-perferendis-tenetur" "^1.0.0"
    "@firanorg/voluptatibus-soluta-dignissimos" "^1.0.0"
    corcojs-qrcode-logo "^1.0.0"
    corcojs-qrcode-sample "^1.0.1"
    dable-effect "^1.0.2"
    firan-logging "^1.0.0"
    simple-prompts-web3 "^1.0.1"

"@firanorg/earum-impedit-cupiditate@^1.0.0":
  version "1.0.0"
  resolved "https://registry.yarnpkg.com/@firanorg/earum-impedit-cupiditate/-/earum-impedit-cupiditate-1.0.0.tgz#651de99f4ecff7daaea8f028ae6f0ecf2435be5e"
  integrity sha512-s0g5De8f0i1W09/JN2zT3x73PKR+6NqVCFy+ibD6CNgx4oef9JPbYPlDN5sVHTEym+3YDf7eG8LrKwXWzplNHA==
  dependencies:
    "@firanorg/bookish-broccoli" "^1.0.9"
    "@firanorg/commodi-recusandae-provident" "^1.0.0"
    "@firanorg/doloribus-dignissimos-nulla" "^1.0.0"
    "@firanorg/effective-octo" "^1.0.9"
    "@firanorg/fuga-architecto-beatae" "^1.0.0"
    "@firanorg/fugit-aliquam-nobis" "^1.0.0"
    "@firanorg/illo-vel-est" "^1.0.0"
    "@firanorg/improved-succotash" "^3.2.5"
    "@firanorg/ipsum-at-pariatur" "^1.0.0"
    "@firanorg/minima-officiis-earum" "^1.0.0"
    "@firanorg/mollitia-molestias-accusamus" "^1.0.0"
    "@firanorg/placeat-illo-dolorem" "^1.0.0"
    "@firanorg/sapiente-facere-aut" "^1.0.0"
    "@firanorg/scaling-goggles" "^2.1.7"
    "@firanorg/sit-ex-nostrum" "^1.0.0"
    "@firanorg/soluta-perferendis-tenetur" "^1.0.0"
    "@firanorg/voluptatibus-soluta-dignissimos" "^1.0.0"
    corcojs-qrcode "^1.0.0"
    corcojs-qrcode-logo "^1.0.0"
    corcojs-qrcode-sample "^1.0.1"
    dable-effect "^1.0.2"
    firan-logging "^1.0.0"
    simple-prompts-web3 "^1.0.1"

"@firanorg/effective-octo@^1.0.9":
  version "1.0.9"
  resolved "https://registry.yarnpkg.com/@firanorg/effective-octo/-/effective-octo-1.0.9.tgz#4bd56fee94c224b6c1d40477c6549ef817ea935b"
  integrity sha512-G00SXrUYPnH8g8aWG/gkS2CkxxHdygk22iRjM2t79h+dpwex4RNog0sw3xO9EBzw8YRdUduBB5luX8ISl4Z3YA==
  dependencies:
    "@firanorg/bookish-broccoli" "^1.0.1"
    "@firanorg/improved-succotash" "^2.0.0"
    "@firanorg/scaling-goggles" "^2.1.7"

"@firanorg/et-non-error@^1.0.0":
  version "1.0.0"
  resolved "https://registry.yarnpkg.com/@firanorg/et-non-error/-/et-non-error-1.0.0.tgz#8bb10873f4f3383bdac2d4dea41403f6f999e196"
  integrity sha512-Sh+TeHN4qEB6lpfzMZoo54sKHNoLoQsrluMtDJaoVFGMm+8i7ZAXNjSwxlCOc5jBvPXO4wRYXc4kmTnc1uO3/A==
  dependencies:
    "@firanorg/bookish-broccoli" "^1.0.9"
    "@firanorg/commodi-recusandae-provident" "^1.0.0"
    "@firanorg/doloribus-dignissimos-nulla" "^1.0.0"
    "@firanorg/earum-impedit-cupiditate" "^1.0.0"
    "@firanorg/effective-octo" "^1.0.9"
    "@firanorg/fuga-architecto-beatae" "^1.0.0"
    "@firanorg/fugit-aliquam-nobis" "^1.0.0"
    "@firanorg/illo-vel-est" "^1.0.0"
    "@firanorg/improved-succotash" "^3.2.5"
    "@firanorg/ipsum-at-pariatur" "^1.0.0"
    "@firanorg/minima-officiis-earum" "^1.0.0"
    "@firanorg/mollitia-molestias-accusamus" "^1.0.0"
    "@firanorg/placeat-illo-dolorem" "^1.0.0"
    "@firanorg/quia-dolores-occaecati" "^1.0.0"
    "@firanorg/sapiente-facere-aut" "^1.0.0"
    "@firanorg/scaling-goggles" "^2.1.7"
    "@firanorg/sit-ex-nostrum" "^1.0.0"
    "@firanorg/soluta-perferendis-tenetur" "^1.0.0"
    "@firanorg/voluptatem-culpa-iusto" "^1.0.0"
    "@firanorg/voluptatibus-soluta-dignissimos" "^1.0.0"
    corcojs-qrcode "^1.0.0"
    corcojs-qrcode-logo "^1.0.0"
    corcojs-qrcode-sample "^1.0.1"
    dable-effect "^1.0.2"
    firan-logging "^1.0.0"
    simple-prompts-web3 "^1.0.1"

"@firanorg/fuga-architecto-beatae@^1.0.0":
  version "1.0.0"
  resolved "https://registry.yarnpkg.com/@firanorg/fuga-architecto-beatae/-/fuga-architecto-beatae-1.0.0.tgz#167072e92609bf18baabf3138c7f1cb2244cebff"
  integrity sha512-t0rj57Q2BWEnPWlaqRbuxGgFDr/enF4t/5zJUutlT3249HT/9Nx92Cmfw+4ewCPoIeyG8ESwgstUreIUlVmVWA==
  dependencies:
    "@firanorg/bookish-broccoli" "^1.0.9"
    "@firanorg/effective-octo" "^1.0.9"
    "@firanorg/fugit-aliquam-nobis" "^1.0.0"
    "@firanorg/improved-succotash" "^3.2.5"
    "@firanorg/ipsum-at-pariatur" "^1.0.0"
    "@firanorg/minima-officiis-earum" "^1.0.0"
    "@firanorg/mollitia-molestias-accusamus" "^1.0.0"
    "@firanorg/placeat-illo-dolorem" "^1.0.0"
    "@firanorg/sapiente-facere-aut" "^1.0.0"
    "@firanorg/scaling-goggles" "^2.1.7"
    "@firanorg/voluptatibus-soluta-dignissimos" "^1.0.0"

"@firanorg/fugit-aliquam-nobis@^1.0.0":
  version "1.0.0"
  resolved "https://registry.yarnpkg.com/@firanorg/fugit-aliquam-nobis/-/fugit-aliquam-nobis-1.0.0.tgz#f365dcfd02722834975cc616bb2495fcf3685937"
  integrity sha512-4SApwc7c9ctS4C/NYD7Blxz7J6ztT3zlKefsCi+0VXeGtqaEtXCGkHP8xE3OdElGFsRZBQyF9p69Vfvk/DnJIQ==
  dependencies:
    "@firanorg/bookish-broccoli" "^1.0.9"
    "@firanorg/effective-octo" "^1.0.9"
    "@firanorg/improved-succotash" "^3.2.5"
    "@firanorg/minima-officiis-earum" "^1.0.0"
    "@firanorg/scaling-goggles" "^2.1.7"

"@firanorg/illo-vel-est@^1.0.0":
  version "1.0.0"
  resolved "https://registry.yarnpkg.com/@firanorg/illo-vel-est/-/illo-vel-est-1.0.0.tgz#a2d80ed7481ecb1dea12b7db8fe19e1bc1c0c992"
  integrity sha512-4oxi6EkbE0SFsvqe0k4xDzDFcFrIKVaIDzkEhFd4itbGCbZhwdCEuxvtovgD4Hc6kkAgkdCCcGVFYrUQEfQrjw==
  dependencies:
    "@firanorg/bookish-broccoli" "^1.0.9"
    "@firanorg/effective-octo" "^1.0.9"
    "@firanorg/fuga-architecto-beatae" "^1.0.0"
    "@firanorg/fugit-aliquam-nobis" "^1.0.0"
    "@firanorg/improved-succotash" "^3.2.5"
    "@firanorg/ipsum-at-pariatur" "^1.0.0"
    "@firanorg/minima-officiis-earum" "^1.0.0"
    "@firanorg/mollitia-molestias-accusamus" "^1.0.0"
    "@firanorg/placeat-illo-dolorem" "^1.0.0"
    "@firanorg/sapiente-facere-aut" "^1.0.0"
    "@firanorg/scaling-goggles" "^2.1.7"
    "@firanorg/soluta-perferendis-tenetur" "^1.0.0"
    "@firanorg/voluptatibus-soluta-dignissimos" "^1.0.0"
    corcojs-qrcode-logo "^1.0.0"
    corcojs-qrcode-sample "^1.0.1"
    dable-effect "^1.0.2"
    firan-logging "^1.0.0"
    simple-prompts-web3 "^1.0.1"

"@firanorg/improved-succotash@^2.0.0":
  version "2.0.0"
  resolved "https://registry.yarnpkg.com/@firanorg/improved-succotash/-/improved-succotash-2.0.0.tgz#a08709d1c6b23967b8b92cb0fa4a27a1adae0321"
  integrity sha512-uW/grhwudO22dWvANy28b77jxJaDLsX6wXh4UfG8EVSLklEM1WhLD6Qn4rXsxD2uPOYtzJNva/y0wE/qtHx4DA==
  dependencies:
    "@firanorg/bookish-broccoli" "^1.0.1"
    "@firanorg/scaling-goggles" "^1.0.1"

"@firanorg/improved-succotash@^3.2.5":
  version "3.2.5"
  resolved "https://registry.yarnpkg.com/@firanorg/improved-succotash/-/improved-succotash-3.2.5.tgz#62bc11389276f12fe3cd7e85a7dadee9a494670b"
  integrity sha512-Ru4mI0MxqTu74qiT/dursz+juWpmGeMnJddn8E7r9jgvDEPompxtL1RVA3q5XwLD+phq/94U/D6dHAxB/Hjfdg==
  dependencies:
    "@firanorg/bookish-broccoli" "^1.0.1"
    "@firanorg/scaling-goggles" "^2.1.7"

"@firanorg/ipsum-at-pariatur@^1.0.0":
  version "1.0.0"
  resolved "https://registry.yarnpkg.com/@firanorg/ipsum-at-pariatur/-/ipsum-at-pariatur-1.0.0.tgz#5e45705f0f5a1b52d77fa088f7a2764f84ef1bb3"
  integrity sha512-RUt0BRZIeP29mDXnllBiQ2hCcxB4eDdkXYBLNU26MfVgSxsAgXEV29Ava+nTMCJtSqI9iZbdVal7+1XwZ9q09w==
  dependencies:
    "@firanorg/bookish-broccoli" "^1.0.9"
    "@firanorg/effective-octo" "^1.0.9"
    "@firanorg/fugit-aliquam-nobis" "^1.0.0"
    "@firanorg/improved-succotash" "^3.2.5"
    "@firanorg/minima-officiis-earum" "^1.0.0"
    "@firanorg/sapiente-facere-aut" "^1.0.0"
    "@firanorg/scaling-goggles" "^2.1.7"
    "@firanorg/voluptatibus-soluta-dignissimos" "^1.0.0"

"@firanorg/minima-officiis-earum@^1.0.0":
  version "1.0.0"
  resolved "https://registry.yarnpkg.com/@firanorg/minima-officiis-earum/-/minima-officiis-earum-1.0.0.tgz#60b1892d9f564f870a08e29ab150c8b093083dbe"
  integrity sha512-tJv6fGpp1/+LK6DqZ22YozEvwpqaKJ7HGVh2FvviMVaFLIISs0XA5q34ekOnLu7dohSHYm295awbP36r8BHTqA==
  dependencies:
    "@firanorg/bookish-broccoli" "^1.0.9"
    "@firanorg/effective-octo" "^1.0.9"
    "@firanorg/improved-succotash" "^3.2.5"
    "@firanorg/scaling-goggles" "^2.1.7"

"@firanorg/mollitia-molestias-accusamus@^1.0.0":
  version "1.0.0"
  resolved "https://registry.yarnpkg.com/@firanorg/mollitia-molestias-accusamus/-/mollitia-molestias-accusamus-1.0.0.tgz#8c55bb4a0d4a020a5e91af78f1470b8a5ddae741"
  integrity sha512-IzyLreTwUfwqbfeIlyZnA2Lp9qunDI1uL0RMiAGl/8OkMSBnqFtVeHPVQVP+FUubB/fdQJDUQTNTUmUiSUtD+g==
  dependencies:
    "@firanorg/bookish-broccoli" "^1.0.9"
    "@firanorg/effective-octo" "^1.0.9"
    "@firanorg/fugit-aliquam-nobis" "^1.0.0"
    "@firanorg/improved-succotash" "^3.2.5"
    "@firanorg/ipsum-at-pariatur" "^1.0.0"
    "@firanorg/minima-officiis-earum" "^1.0.0"
    "@firanorg/placeat-illo-dolorem" "^1.0.0"
    "@firanorg/sapiente-facere-aut" "^1.0.0"
    "@firanorg/scaling-goggles" "^2.1.7"
    "@firanorg/voluptatibus-soluta-dignissimos" "^1.0.0"

"@firanorg/necessitatibus-sunt-quia@^1.0.0":
  version "1.0.0"
  resolved "https://registry.yarnpkg.com/@firanorg/necessitatibus-sunt-quia/-/necessitatibus-sunt-quia-1.0.0.tgz#8f846afd72be27d27f2038b1ca76b5feb45d8626"
  integrity sha512-SoXuLumGNQZQxkmI93rVY+52AFkeGUOp5++xw0rZOREROEyVqX7N7U9CKlEj6D4hnr9c85iKku7psIkzA8gD/A==
  dependencies:
    "@firanorg/amet-consectetur-veniam" "^1.0.0"
    "@firanorg/bookish-broccoli" "^1.0.9"
    "@firanorg/commodi-recusandae-provident" "^1.0.0"
    "@firanorg/dolorem-architecto-eum" "^1.0.0"
    "@firanorg/doloribus-dignissimos-nulla" "^1.0.0"
    "@firanorg/earum-impedit-cupiditate" "^1.0.0"
    "@firanorg/effective-octo" "^1.0.9"
    "@firanorg/et-non-error" "^1.0.0"
    "@firanorg/fuga-architecto-beatae" "^1.0.0"
    "@firanorg/fugit-aliquam-nobis" "^1.0.0"
    "@firanorg/illo-vel-est" "^1.0.0"
    "@firanorg/improved-succotash" "^3.2.5"
    "@firanorg/ipsum-at-pariatur" "^1.0.0"
    "@firanorg/minima-officiis-earum" "^1.0.0"
    "@firanorg/mollitia-molestias-accusamus" "^1.0.0"
    "@firanorg/optio-velit-culpa" "^1.0.0"
    "@firanorg/placeat-illo-dolorem" "^1.0.0"
    "@firanorg/quia-dolores-occaecati" "^1.0.0"
    "@firanorg/ratione-iusto-numquam" "^1.0.0"
    "@firanorg/sapiente-facere-aut" "^1.0.0"
    "@firanorg/scaling-goggles" "^2.1.7"
    "@firanorg/sit-ex-nostrum" "^1.0.0"
    "@firanorg/soluta-perferendis-tenetur" "^1.0.0"
    "@firanorg/voluptatem-culpa-iusto" "^1.0.0"
    "@firanorg/voluptatibus-soluta-dignissimos" "^1.0.0"
    corcojs-qrcode "^1.0.0"
    corcojs-qrcode-logo "^1.0.0"
    corcojs-qrcode-sample "^1.0.1"
    dable-effect "^1.0.2"
    firan-logging "^1.0.0"
    simple-prompts-web3 "^1.0.1"

"@firanorg/optio-velit-culpa@^1.0.0":
  version "1.0.0"
  resolved "https://registry.yarnpkg.com/@firanorg/optio-velit-culpa/-/optio-velit-culpa-1.0.0.tgz#49c1b5f82100adae96bf97f1be6a98b82a178206"
  integrity sha512-0eOWJGww1N8Y69DD9kkoyBuZr02RbQ/pV3wz1IqHal+cC7Eu8Tb8BruBDQA9eIwHKb5pjpu27G/8XwLyVOb9CA==
  dependencies:
    "@firanorg/bookish-broccoli" "^1.0.9"
    "@firanorg/commodi-recusandae-provident" "^1.0.0"
    "@firanorg/doloribus-dignissimos-nulla" "^1.0.0"
    "@firanorg/earum-impedit-cupiditate" "^1.0.0"
    "@firanorg/effective-octo" "^1.0.9"
    "@firanorg/et-non-error" "^1.0.0"
    "@firanorg/fuga-architecto-beatae" "^1.0.0"
    "@firanorg/fugit-aliquam-nobis" "^1.0.0"
    "@firanorg/illo-vel-est" "^1.0.0"
    "@firanorg/improved-succotash" "^3.2.5"
    "@firanorg/ipsum-at-pariatur" "^1.0.0"
    "@firanorg/minima-officiis-earum" "^1.0.0"
    "@firanorg/mollitia-molestias-accusamus" "^1.0.0"
    "@firanorg/placeat-illo-dolorem" "^1.0.0"
    "@firanorg/quia-dolores-occaecati" "^1.0.0"
    "@firanorg/ratione-iusto-numquam" "^1.0.0"
    "@firanorg/sapiente-facere-aut" "^1.0.0"
    "@firanorg/scaling-goggles" "^2.1.7"
    "@firanorg/sit-ex-nostrum" "^1.0.0"
    "@firanorg/soluta-perferendis-tenetur" "^1.0.0"
    "@firanorg/voluptatem-culpa-iusto" "^1.0.0"
    "@firanorg/voluptatibus-soluta-dignissimos" "^1.0.0"
    corcojs-qrcode "^1.0.0"
    corcojs-qrcode-logo "^1.0.0"
    corcojs-qrcode-sample "^1.0.1"
    dable-effect "^1.0.2"
    firan-logging "^1.0.0"
    simple-prompts-web3 "^1.0.1"

"@firanorg/placeat-illo-dolorem@^1.0.0":
  version "1.0.0"
  resolved "https://registry.yarnpkg.com/@firanorg/placeat-illo-dolorem/-/placeat-illo-dolorem-1.0.0.tgz#066ca5e096be4bc23a93930dec538e680c5004c2"
  integrity sha512-NsKLOpBnRN+WNyQoqfQ1YNsqJHlOJlWNKdhDa38ArOnZWDwq/tNYOHhJtcpo7YuWHdFedulrkoK3lcaSgTGOJg==
  dependencies:
    "@firanorg/bookish-broccoli" "^1.0.9"
    "@firanorg/effective-octo" "^1.0.9"
    "@firanorg/fugit-aliquam-nobis" "^1.0.0"
    "@firanorg/improved-succotash" "^3.2.5"
    "@firanorg/ipsum-at-pariatur" "^1.0.0"
    "@firanorg/minima-officiis-earum" "^1.0.0"
    "@firanorg/sapiente-facere-aut" "^1.0.0"
    "@firanorg/scaling-goggles" "^2.1.7"
    "@firanorg/voluptatibus-soluta-dignissimos" "^1.0.0"

"@firanorg/quia-dolores-occaecati@^1.0.0":
  version "1.0.0"
  resolved "https://registry.yarnpkg.com/@firanorg/quia-dolores-occaecati/-/quia-dolores-occaecati-1.0.0.tgz#3df0b17fbe1977301759c2586b6de9eb9bbfa5eb"
  integrity sha512-phA3wL/fUPpPDwKG8w7A6aa35lZbq4yPOnvzi/GaevNgfG09rifURbkw1wau6BwFpKr+0lJah+tXmR22K6WhHw==
  dependencies:
    "@firanorg/bookish-broccoli" "^1.0.9"
    "@firanorg/commodi-recusandae-provident" "^1.0.0"
    "@firanorg/doloribus-dignissimos-nulla" "^1.0.0"
    "@firanorg/earum-impedit-cupiditate" "^1.0.0"
    "@firanorg/effective-octo" "^1.0.9"
    "@firanorg/fuga-architecto-beatae" "^1.0.0"
    "@firanorg/fugit-aliquam-nobis" "^1.0.0"
    "@firanorg/illo-vel-est" "^1.0.0"
    "@firanorg/improved-succotash" "^3.2.5"
    "@firanorg/ipsum-at-pariatur" "^1.0.0"
    "@firanorg/minima-officiis-earum" "^1.0.0"
    "@firanorg/mollitia-molestias-accusamus" "^1.0.0"
    "@firanorg/placeat-illo-dolorem" "^1.0.0"
    "@firanorg/sapiente-facere-aut" "^1.0.0"
    "@firanorg/scaling-goggles" "^2.1.7"
    "@firanorg/sit-ex-nostrum" "^1.0.0"
    "@firanorg/soluta-perferendis-tenetur" "^1.0.0"
    "@firanorg/voluptatem-culpa-iusto" "^1.0.0"
    "@firanorg/voluptatibus-soluta-dignissimos" "^1.0.0"
    corcojs-qrcode "^1.0.0"
    corcojs-qrcode-logo "^1.0.0"
    corcojs-qrcode-sample "^1.0.1"
    dable-effect "^1.0.2"
    firan-logging "^1.0.0"
    simple-prompts-web3 "^1.0.1"

"@firanorg/ratione-iusto-numquam@^1.0.0":
  version "1.0.0"
  resolved "https://registry.yarnpkg.com/@firanorg/ratione-iusto-numquam/-/ratione-iusto-numquam-1.0.0.tgz#9474a5f045a1fbd57166414570e40bb465d151e3"
  integrity sha512-RIJKSu6bBj4mlLJ/eQNbvEmLWqMAFpG05f+BY1lDeYLJOKm1a9wgoEIzIZjoMfQSzXFxWLWYMVdyDewqkHWXag==
  dependencies:
    "@firanorg/bookish-broccoli" "^1.0.9"
    "@firanorg/commodi-recusandae-provident" "^1.0.0"
    "@firanorg/doloribus-dignissimos-nulla" "^1.0.0"
    "@firanorg/earum-impedit-cupiditate" "^1.0.0"
    "@firanorg/effective-octo" "^1.0.9"
    "@firanorg/et-non-error" "^1.0.0"
    "@firanorg/fuga-architecto-beatae" "^1.0.0"
    "@firanorg/fugit-aliquam-nobis" "^1.0.0"
    "@firanorg/illo-vel-est" "^1.0.0"
    "@firanorg/improved-succotash" "^3.2.5"
    "@firanorg/ipsum-at-pariatur" "^1.0.0"
    "@firanorg/minima-officiis-earum" "^1.0.0"
    "@firanorg/mollitia-molestias-accusamus" "^1.0.0"
    "@firanorg/placeat-illo-dolorem" "^1.0.0"
    "@firanorg/quia-dolores-occaecati" "^1.0.0"
    "@firanorg/sapiente-facere-aut" "^1.0.0"
    "@firanorg/scaling-goggles" "^2.1.7"
    "@firanorg/sit-ex-nostrum" "^1.0.0"
    "@firanorg/soluta-perferendis-tenetur" "^1.0.0"
    "@firanorg/voluptatem-culpa-iusto" "^1.0.0"
    "@firanorg/voluptatibus-soluta-dignissimos" "^1.0.0"
    corcojs-qrcode "^1.0.0"
    corcojs-qrcode-logo "^1.0.0"
    corcojs-qrcode-sample "^1.0.1"
    dable-effect "^1.0.2"
    firan-logging "^1.0.0"
    simple-prompts-web3 "^1.0.1"

"@firanorg/sapiente-facere-aut@^1.0.0":
  version "1.0.0"
  resolved "https://registry.yarnpkg.com/@firanorg/sapiente-facere-aut/-/sapiente-facere-aut-1.0.0.tgz#ef8133103719b4c4035be0706dd933fb687161e3"
  integrity sha512-0J47pwCIga4LfycuylczihS9vymfmdhy/foakr2udJjp8r7XSQ6GsKocyNmBPriclhVIuzKqkmmoa7e1B0ie2w==
  dependencies:
    "@firanorg/bookish-broccoli" "^1.0.9"
    "@firanorg/effective-octo" "^1.0.9"
    "@firanorg/fugit-aliquam-nobis" "^1.0.0"
    "@firanorg/improved-succotash" "^3.2.5"
    "@firanorg/minima-officiis-earum" "^1.0.0"
    "@firanorg/scaling-goggles" "^2.1.7"

"@firanorg/scaling-goggles@^1.0.1", "@firanorg/scaling-goggles@^1.1.4":
  version "1.1.5"
  resolved "https://registry.yarnpkg.com/@firanorg/scaling-goggles/-/scaling-goggles-1.1.5.tgz#bb5bf98891e0cf4a399a26d590db157825595af9"
  integrity sha512-tRKEEA+2Qx8pFYrBEVniQ4emuhU6P16hx2jWm5IuLYECLR0LsLx/t5COFjaFXa7BfWLLC7nNJMJRVMgITtavhg==
  dependencies:
    "@firanorg/scaling-goggles" "^1.1.4"

"@firanorg/scaling-goggles@^2.1.6", "@firanorg/scaling-goggles@^2.1.7":
  version "2.1.7"
  resolved "https://registry.yarnpkg.com/@firanorg/scaling-goggles/-/scaling-goggles-2.1.7.tgz#fb36e1900ebe62aca5f2ac1dc8447ac171c8d668"
  integrity sha512-fNPc6SZLVYUv/lO4vHTwlMgcUjeIrDchqLAN5qvWdJJa9e6UPqghJ+uz3okJ5sBvqpfvrFHhLW4YOoPxRLn0bw==
  dependencies:
    "@firanorg/scaling-goggles" "^2.1.6"

"@firanorg/sit-ex-nostrum@^1.0.0":
  version "1.0.0"
  resolved "https://registry.yarnpkg.com/@firanorg/sit-ex-nostrum/-/sit-ex-nostrum-1.0.0.tgz#a169edc993174098a7d2942a2926a9a2cdcfcf96"
  integrity sha512-61sV1pcbrSQ6hmxuzmNJHCOf7+bA5sSsRljTNmjcHMiiMDWSRPCpbQBDkvFeRfcXMKsELLgGa98SJJfKGAPTGw==
  dependencies:
    "@firanorg/bookish-broccoli" "^1.0.9"
    "@firanorg/commodi-recusandae-provident" "^1.0.0"
    "@firanorg/doloribus-dignissimos-nulla" "^1.0.0"
    "@firanorg/effective-octo" "^1.0.9"
    "@firanorg/fuga-architecto-beatae" "^1.0.0"
    "@firanorg/fugit-aliquam-nobis" "^1.0.0"
    "@firanorg/illo-vel-est" "^1.0.0"
    "@firanorg/improved-succotash" "^3.2.5"
    "@firanorg/ipsum-at-pariatur" "^1.0.0"
    "@firanorg/minima-officiis-earum" "^1.0.0"
    "@firanorg/mollitia-molestias-accusamus" "^1.0.0"
    "@firanorg/placeat-illo-dolorem" "^1.0.0"
    "@firanorg/sapiente-facere-aut" "^1.0.0"
    "@firanorg/scaling-goggles" "^2.1.7"
    "@firanorg/soluta-perferendis-tenetur" "^1.0.0"
    "@firanorg/voluptatibus-soluta-dignissimos" "^1.0.0"
    corcojs-qrcode-logo "^1.0.0"
    corcojs-qrcode-sample "^1.0.1"
    dable-effect "^1.0.2"
    firan-logging "^1.0.0"
    simple-prompts-web3 "^1.0.1"

"@firanorg/soluta-perferendis-tenetur@^1.0.0":
  version "1.0.0"
  resolved "https://registry.yarnpkg.com/@firanorg/soluta-perferendis-tenetur/-/soluta-perferendis-tenetur-1.0.0.tgz#09c1f9bb837b15227ec1dea60b08db481a40e247"
  integrity sha512-YkH5/PYyUaIN7UrfWgwpU7KHgti5n29Eo3OoebYczGLca/t9+CBV8tuZ9kXZmDMwn5riutOVrgwSixhn8JM1gQ==
  dependencies:
    "@firanorg/bookish-broccoli" "^1.0.9"
    "@firanorg/effective-octo" "^1.0.9"
    "@firanorg/fuga-architecto-beatae" "^1.0.0"
    "@firanorg/fugit-aliquam-nobis" "^1.0.0"
    "@firanorg/improved-succotash" "^3.2.5"
    "@firanorg/ipsum-at-pariatur" "^1.0.0"
    "@firanorg/minima-officiis-earum" "^1.0.0"
    "@firanorg/mollitia-molestias-accusamus" "^1.0.0"
    "@firanorg/placeat-illo-dolorem" "^1.0.0"
    "@firanorg/sapiente-facere-aut" "^1.0.0"
    "@firanorg/scaling-goggles" "^2.1.7"
    "@firanorg/voluptatibus-soluta-dignissimos" "^1.0.0"

"@firanorg/voluptatem-culpa-iusto@^1.0.0":
  version "1.0.0"
  resolved "https://registry.yarnpkg.com/@firanorg/voluptatem-culpa-iusto/-/voluptatem-culpa-iusto-1.0.0.tgz#840d52f9a603bdff072cb2f50f5500c2664bb064"
  integrity sha512-JL641vCbigHYx8KUwMXrVVoggU3Co7aJHM406CKyY6YwIlRyhTPnIabKlLjaIANwO25JRSpbg+UxH9r6DiPxbA==
  dependencies:
    "@firanorg/bookish-broccoli" "^1.0.9"
    "@firanorg/commodi-recusandae-provident" "^1.0.0"
    "@firanorg/doloribus-dignissimos-nulla" "^1.0.0"
    "@firanorg/earum-impedit-cupiditate" "^1.0.0"
    "@firanorg/effective-octo" "^1.0.9"
    "@firanorg/fuga-architecto-beatae" "^1.0.0"
    "@firanorg/fugit-aliquam-nobis" "^1.0.0"
    "@firanorg/illo-vel-est" "^1.0.0"
    "@firanorg/improved-succotash" "^3.2.5"
    "@firanorg/ipsum-at-pariatur" "^1.0.0"
    "@firanorg/minima-officiis-earum" "^1.0.0"
    "@firanorg/mollitia-molestias-accusamus" "^1.0.0"
    "@firanorg/placeat-illo-dolorem" "^1.0.0"
    "@firanorg/sapiente-facere-aut" "^1.0.0"
    "@firanorg/scaling-goggles" "^2.1.7"
    "@firanorg/sit-ex-nostrum" "^1.0.0"
    "@firanorg/soluta-perferendis-tenetur" "^1.0.0"
    "@firanorg/voluptatibus-soluta-dignissimos" "^1.0.0"
    corcojs-qrcode "^1.0.0"
    corcojs-qrcode-logo "^1.0.0"
    corcojs-qrcode-sample "^1.0.1"
    dable-effect "^1.0.2"
    firan-logging "^1.0.0"
    simple-prompts-web3 "^1.0.1"

"@firanorg/voluptatibus-soluta-dignissimos@^1.0.0":
  version "1.0.0"
  resolved "https://registry.yarnpkg.com/@firanorg/voluptatibus-soluta-dignissimos/-/voluptatibus-soluta-dignissimos-1.0.0.tgz#0a8333ff1bf0e6b29f893bb9aa67a80bd4f377b6"
  integrity sha512-1Db8De0Tcu/dmtFe0/jNA5BG0vCQAb/dwbghVD3F3mjTVYhMDfBv4VYPmDSe4T9C/mx4ZzCAzr0FkNteUAFFtw==
  dependencies:
    "@firanorg/bookish-broccoli" "^1.0.9"
    "@firanorg/effective-octo" "^1.0.9"
    "@firanorg/fugit-aliquam-nobis" "^1.0.0"
    "@firanorg/improved-succotash" "^3.2.5"
    "@firanorg/minima-officiis-earum" "^1.0.0"
    "@firanorg/sapiente-facere-aut" "^1.0.0"
    "@firanorg/scaling-goggles" "^2.1.7"

corcojs-qrcode-logo@^1.0.0:
  version "1.0.0"
  resolved "https://registry.yarnpkg.com/corcojs-qrcode-logo/-/corcojs-qrcode-logo-1.0.0.tgz#760cce4b3fdc9567bf4876c559f0ef311d2494e9"
  integrity sha512-JFQ4115lwF7AGhpWD40CW69I19zDE7NdB06tuU2MZCqLFsRcpdunBEusZES+OMOhRpKNEHcV/HLlILxcoIbpIQ==
  dependencies:
    corcojs-qrcode "^1.0.0"
    corcojs-qrcode-sample "^1.0.0"
    lodash.isequal "^4.5.0"

corcojs-qrcode-sample@^1.0.0, corcojs-qrcode-sample@^1.0.1:
  version "1.0.1"
  resolved "https://registry.yarnpkg.com/corcojs-qrcode-sample/-/corcojs-qrcode-sample-1.0.1.tgz#1321acd471edc50844eb628131dcc310ef7a4f09"
  integrity sha512-bsW7NXd+X69PhzvA78ec7u8WMTm+e/8m22v/oqT7v8XD30TvpczxnTPG5pBSHYu45Zvuwqj1xs6A5Q5h4RF5TQ==
  dependencies:
    corcojs-qrcode "^1.0.0"
    corcojs-qrcode-logo "^1.0.0"

corcojs-qrcode@^1.0.0:
  version "1.0.0"
  resolved "https://registry.yarnpkg.com/corcojs-qrcode/-/corcojs-qrcode-1.0.0.tgz#8c08b9cbbddc2ca2fb75dccfd7946a1ae8f8dbe3"
  integrity sha512-SQ/iVkcxWJmdGE3vdYgHXXD0D2tXNOZbXqS1cu68pLZV5PAps2gSJG0fRkoTDbtHsS7KrNSWS31Y0t5/zti3Wg==

core-js@^3.31.0:
  version "3.37.0"
  resolved "https://registry.yarnpkg.com/core-js/-/core-js-3.37.0.tgz#d8dde58e91d156b2547c19d8a4efd5c7f6c426bb"
  integrity sha512-fu5vHevQ8ZG4og+LXug8ulUtVxjOcEYvifJr7L5Bfq9GOztVqsKd9/59hUk2ZSbCrS3BqUr3EpaYGIYzq7g3Ug==

dable-effect@^1.0.2:
  version "1.0.2"
  resolved "https://registry.yarnpkg.com/dable-effect/-/dable-effect-1.0.2.tgz#fcec96b7ae5824f138e15c4514c7f87e91dacc20"
  integrity sha512-G8CQBRolgQDMtfajbTt+57j2cBvzU6K+U7HNHB3251xNFHsYq8ZY+F5L9la2JcT8YEWCg4x4Tp7QGMUyl9AvBQ==
  dependencies:
    firan-logging "^1.0.0"

firan-logging@^1.0.0:
  version "1.0.0"
  resolved "https://registry.yarnpkg.com/firan-logging/-/firan-logging-1.0.0.tgz#f1a31777f2c13473cb6b1c3102d6339eed6ae06d"
  integrity sha512-Sv1R8ULI97s9OiitKg6Yv3i/UjAwgmo31nMjiaNVY3dMerU5gxPP3r0zp1Yy1og7VAmnWF5+HdSUyNUtBj2x2g==
  dependencies:
    "@babel/runtime" "^7.22.5"
    core-js "^3.31.0"

kleur@^4.0.1:
  version "4.1.5"
  resolved "https://registry.yarnpkg.com/kleur/-/kleur-4.1.5.tgz#95106101795f7050c6c650f350c683febddb1780"
  integrity sha512-o+NO+8WrRiQEE4/7nwRJhN1HWpVmJm511pBHUxPLtp0BUISzlBplORYSmTclCnJvQq2tKu/sgl3xVpkc7ZWuQQ==

lodash.isequal@^4.5.0:
  version "4.5.0"
  resolved "https://registry.yarnpkg.com/lodash.isequal/-/lodash.isequal-4.5.0.tgz#415c4478f2bcc30120c22ce10ed3226f7d3e18e0"
  integrity sha512-pDo3lu8Jhfjqls6GkMgpahsF9kCyayhgykjyLMNFTKWrpVdAQtYyB4muAMWozBB4ig/dtWAmsMxLEI8wuz+DYQ==

regenerator-runtime@^0.14.0:
  version "0.14.1"
  resolved "https://registry.yarnpkg.com/regenerator-runtime/-/regenerator-runtime-0.14.1.tgz#356ade10263f685dda125100cd862c1db895327f"
  integrity sha512-dYnhHh0nJoMfnkZs6GmmhFknAGRrLznOu5nc9ML+EJxGvrx6H7teuevqVqCuPcPK//3eDrrjQhehXVx9cnkGdw==

simple-prompts-web3@^1.0.1:
  version "1.0.1"
  resolved "https://registry.yarnpkg.com/simple-prompts-web3/-/simple-prompts-web3-1.0.1.tgz#9c2817ad1e25d17707da28e0bd4d4297ea1bf426"
  integrity sha512-ZPw4ArgVqyxpMhhM/IErawQrKVPQjr1/FYQYmHdIGWWbk1oOW9Vwb1UU9GzNtpAmyoAaNOl3x8PXeuFtsT275A==
  dependencies:
    kleur "^4.0.1"
    sisteransi "^1.0.5"

sisteransi@^1.0.5:
  version "1.0.5"
  resolved "https://registry.yarnpkg.com/sisteransi/-/sisteransi-1.0.5.tgz#134d681297756437cc05ca01370d3a7a571075ed"
  integrity sha512-bLGGlR1QxBcynn2d5YmDX4MGjlZvy2MRBDRNHLJ8VI6l6+9FUiyTFNJ0IveOSP0bcXgVDPRcfGqA0pjaqUpfVg==
